// !$*UTF8*$!
{
	archiveVersion = 1;
	classes = {
	};
	objectVersion = 46;
	objects = {

/* Begin PBXBuildFile section */
		C1449B9C1DD5161B00A7F266 /* main.cpp in Sources */ = {isa = PBXBuildFile; fileRef = C1449B9B1DD5161B00A7F266 /* main.cpp */; };
		C1449BA41DD518F000A7F266 /* Citizen.cpp in Sources */ = {isa = PBXBuildFile; fileRef = C1449BA21DD518F000A7F266 /* Citizen.cpp */; };
		C1449BA71DD5194200A7F266 /* City.cpp in Sources */ = {isa = PBXBuildFile; fileRef = C1449BA51DD5194200A7F266 /* City.cpp */; };
/* End PBXBuildFile section */

/* Begin PBXCopyFilesBuildPhase section */
		C1449B961DD5161B00A7F266 /* CopyFiles */ = {
			isa = PBXCopyFilesBuildPhase;
			buildActionMask = 2147483647;
			dstPath = /usr/share/man/man1/;
			dstSubfolderSpec = 0;
			files = (
			);
			runOnlyForDeploymentPostprocessing = 1;
		};
/* End PBXCopyFilesBuildPhase section */

/* Begin PBXFileReference section */
		C1449B981DD5161B00A7F266 /* CS172-EXAM2 */ = {isa = PBXFileReference; explicitFileType = "compiled.mach-o.executable"; includeInIndex = 0; path = "CS172-EXAM2"; sourceTree = BUILT_PRODUCTS_DIR; };
		C1449B9B1DD5161B00A7F266 /* main.cpp */ = {isa = PBXFileReference; lastKnownFileType = sourcecode.cpp.cpp; path = main.cpp; sourceTree = "<group>"; };
		C1449BA21DD518F000A7F266 /* Citizen.cpp */ = {isa = PBXFileReference; fileEncoding = 4; lastKnownFileType = sourcecode.cpp.cpp; path = Citizen.cpp; sourceTree = "<group>"; };
		C1449BA31DD518F000A7F266 /* Citizen.hpp */ = {isa = PBXFileReference; fileEncoding = 4; lastKnownFileType = sourcecode.cpp.h; path = Citizen.hpp; sourceTree = "<group>"; };
		C1449BA51DD5194200A7F266 /* City.cpp */ = {isa = PBXFileReference; fileEncoding = 4; lastKnownFileType = sourcecode.cpp.cpp; path = City.cpp; sourceTree = "<group>"; };
		C1449BA61DD5194200A7F266 /* City.hpp */ = {isa = PBXFileReference; fileEncoding = 4; lastKnownFileType = sourcecode.cpp.h; path = City.hpp; sourceTree = "<group>"; };
/* End PBXFileReference section */

/* Begin PBXFrameworksBuildPhase section */
		C1449B951DD5161B00A7F266 /* Frameworks */ = {
			isa = PBXFrameworksBuildPhase;
			buildActionMask = 2147483647;
			files = (
			);
			runOnlyForDeploymentPostprocessing = 0;
		};
/* End PBXFrameworksBuildPhase section */

/* Begin PBXGroup section */
		C1449B8F1DD5161B00A7F266 = {
			isa = PBXGroup;
			children = (
				C1449B9A1DD5161B00A7F266 /* CS172-EXAM2 */,
				C1449B991DD5161B00A7F266 /* Products */,
			);
			sourceTree = "<group>";
		};
		C1449B991DD5161B00A7F266 /* Products */ = {
			isa = PBXGroup;
			children = (
				C1449B981DD5161B00A7F266 /* CS172-EXAM2 */,
			);
			name = Products;
			sourceTree = "<group>";
		};
		C1449B9A1DD5161B00A7F266 /* CS172-EXAM2 */ = {
			isa = PBXGroup;
			children = (
				C1449B9B1DD5161B00A7F266 /* main.cpp */,
				C1449BA31DD518F000A7F266 /* Citizen.hpp */,
				C1449BA21DD518F000A7F266 /* Citizen.cpp */,
				C1449BA61DD5194200A7F266 /* City.hpp */,
				C1449BA51DD5194200A7F266 /* City.cpp */,
			);
			path = "CS172-EXAM2";
			sourceTree = "<group>";
		};
/* End PBXGroup section */

/* Begin PBXNativeTarget section */
		C1449B971DD5161B00A7F266 /* CS172-EXAM2 */ = {
			isa = PBXNativeTarget;
			buildConfigurationList = C1449B9F1DD5161B00A7F266 /* Build configuration list for PBXNativeTarget "CS172-EXAM2" */;
			buildPhases = (
				C1449B941DD5161B00A7F266 /* Sources */,
				C1449B951DD5161B00A7F266 /* Frameworks */,
				C1449B961DD5161B00A7F266 /* CopyFiles */,
			);
			buildRules = (
			);
			dependencies = (
			);
			name = "CS172-EXAM2";
			productName = "CS172-EXAM2";
			productReference = C1449B981DD5161B00A7F266 /* CS172-EXAM2 */;
			productType = "com.apple.product-type.tool";
		};
/* End PBXNativeTarget section */

/* Begin PBXProject section */
		C1449B901DD5161B00A7F266 /* Project object */ = {
			isa = PBXProject;
			attributes = {
				LastUpgradeCheck = 0810;
				ORGANIZATIONNAME = "Megan Bruening";
				TargetAttributes = {
					C1449B971DD5161B00A7F266 = {
						CreatedOnToolsVersion = 8.1;
						ProvisioningStyle = Automatic;
					};
				};
			};
			buildConfigurationList = C1449B931DD5161B00A7F266 /* Build configuration list for PBXProject "CS172-EXAM2" */;
			compatibilityVersion = "Xcode 3.2";
			developmentRegion = English;
			hasScannedForEncodings = 0;
			knownRegions = (
				en,
			);
			mainGroup = C1449B8F1DD5161B00A7F266;
			productRefGroup = C1449B991DD5161B00A7F266 /* Products */;
			projectDirPath = "";
			projectRoot = "";
			targets = (
				C1449B971DD5161B00A7F266 /* CS172-EXAM2 */,
			);
		};
/* End PBXProject section */

/* Begin PBXSourcesBuildPhase section */
		C1449B941DD5161B00A7F266 /* Sources */ = {
			isa = PBXSourcesBuildPhase;
			buildActionMask = 2147483647;
			files = (
				C1449BA71DD5194200A7F266 /* City.cpp in Sources */,
				C1449BA41DD518F000A7F266 /* Citizen.cpp in Sources */,
				C1449B9C1DD5161B00A7F266 /* main.cpp in Sources */,
			);
			runOnlyForDeploymentPostprocessing = 0;
		};
/* End PBXSourcesBuildPhase section */

/* Begin XCBuildConfiguration section */
		C1449B9D1DD5161B00A7F266 /* Debug */ = {
			isa = XCBuildConfiguration;
			buildSettings = {
				ALWAYS_SEARCH_USER_PATHS = NO;
				CLANG_ANALYZER_NONNULL = YES;
				CLANG_CXX_LANGUAGE_STANDARD = "gnu++0x";
				CLANG_CXX_LIBRARY = "libc++";
				CLANG_ENABLE_MODULES = YES;
				CLANG_ENABLE_OBJC_ARC = YES;
				CLANG_WARN_BOOL_CONVERSION = YES;
				CLANG_WARN_CONSTANT_CONVERSION = YES;
				CLANG_WARN_DIRECT_OBJC_ISA_USAGE = YES_ERROR;
				CLANG_WARN_DOCUMENTATION_COMMENTS = YES;
				CLANG_WARN_EMPTY_BODY = YES;
				CLANG_WARN_ENUM_CONVERSION = YES;
				CLANG_WARN_INFINITE_RECURSION = YES;
				CLANG_WARN_INT_CONVERSION = YES;
				CLANG_WARN_OBJC_ROOT_CLASS = YES_ERROR;
				CLANG_WARN_SUSPICIOUS_MOVES = YES;
				CLANG_WARN_UNREACHABLE_CODE = YES;
				CLANG_WARN__DUPLICATE_METHOD_MATCH = YES;
				CODE_SIGN_IDENTITY = "-";
				COPY_PHASE_STRIP = NO;
				DEBUG_INFORMATION_FORMAT = dwarf;
				ENABLE_STRICT_OBJC_MSGSEND = YES;
				ENABLE_TESTABILITY = YES;
				GCC_C_LANGUAGE_STANDARD = gnu99;
				GCC_DYNAMIC_NO_PIC = NO;
				GCC_NO_COMMON_BLOCKS = YES;
				GCC_OPTIMIZATION_LEVEL = 0;
				GCC_PREPROCESSOR_DEFINITIONS = (
					"DEBUG=1",
					"$(inherited)",
				);
				GCC_WARN_64_TO_32_BIT_CONVERSION = YES;
				GCC_WARN_ABOUT_RETURN_TYPE = YES_ERROR;
				GCC_WARN_UNDECLARED_SELECTOR = YES;
				GCC_WARN_UNINITIALIZED_AUTOS = YES_AGGRESSIVE;
				GCC_WARN_UNUSED_FUNCTION = YES;
				GCC_WARN_UNUSED_VARIABLE = YES;
				MACOSX_DEPLOYMENT_TARGET = 10.12;
				MTL_ENABLE_DEBUG_INFO = YES;
				ONLY_ACTIVE_ARCH = YES;
				SDKROOT = macosx;
			};
			name = Debug;
		};
		C1449B9E1DD5161B00A7F266 /* Release */ = {
			isa = XCBuildConfiguration;
			buildSettings = {
				ALWAYS_SEARCH_USER_PATHS = NO;
				CLANG_ANALYZER_NONNULL = YES;
				CLANG_CXX_LANGUAGE_STANDARD = "gnu++0x";
				CLANG_CXX_LIBRARY = "libc++";
				CLANG_ENABLE_MODULES = YES;
				CLANG_ENABLE_OBJC_ARC = YES;
				CLANG_WARN_BOOL_CONVERSION = YES;
				CLANG_WARN_CONSTANT_CONVERSION = YES;
				CLANG_WARN_DIRECT_OBJC_ISA_USAGE = YES_ERROR;
				CLANG_WARN_DOCUMENTATION_COMMENTS = YES;
				CLANG_WARN_EMPTY_BODY = YES;
				CLANG_WARN_ENUM_CONVERSION = YES;
				CLANG_WARN_INFINITE_RECURSION = YES;
				CLANG_WARN_INT_CONVERSION = YES;
				CLANG_WARN_OBJC_ROOT_CLASS = YES_ERROR;
				CLANG_WARN_SUSPICIOUS_MOVES = YES;
				CLANG_WARN_UNREACHABLE_CODE = YES;
				CLANG_WARN__DUPLICATE_METHOD_MATCH = YES;
				CODE_SIGN_IDENTITY = "-";
				COPY_PHASE_STRIP = NO;
				DEBUG_INFORMATION_FORMAT = "dwarf-with-dsym";
				ENABLE_NS_ASSERTIONS = NO;
				ENABLE_STRICT_OBJC_MSGSEND = YES;
				GCC_C_LANGUAGE_STANDARD = gnu99;
				GCC_NO_COMMON_BLOCKS = YES;
				GCC_WARN_64_TO_32_BIT_CONVERSION = YES;
				GCC_WARN_ABOUT_RETURN_TYPE = YES_ERROR;
				GCC_WARN_UNDECLARED_SELECTOR = YES;
				GCC_WARN_UNINITIALIZED_AUTOS = YES_AGGRESSIVE;
				GCC_WARN_UNUSED_FUNCTION = YES;
				GCC_WARN_UNUSED_VARIABLE = YES;
				MACOSX_DEPLOYMENT_TARGET = 10.12;
				MTL_ENABLE_DEBUG_INFO = NO;
				SDKROOT = macosx;
			};
			name = Release;
		};
		C1449BA01DD5161B00A7F266 /* Debug */ = {
			isa = XCBuildConfiguration;
			buildSettings = {
				PRODUCT_NAME = "$(TARGET_NAME)";
			};
			name = Debug;
		};
		C1449BA11DD5161B00A7F266 /* Release */ = {
			isa = XCBuildConfiguration;
			buildSettings = {
				PRODUCT_NAME = "$(TARGET_NAME)";
			};
			name = Release;
		};
/* End XCBuildConfiguration section */

/* Begin XCConfigurationList section */
		C1449B931DD5161B00A7F266 /* Build configuration list for PBXProject "CS172-EXAM2" */ = {
			isa = XCConfigurationList;
			buildConfigurations = (
				C1449B9D1DD5161B00A7F266 /* Debug */,
				C1449B9E1DD5161B00A7F266 /* Release */,
			);
			defaultConfigurationIsVisible = 0;
			defaultConfigurationName = Release;
		};
		C1449B9F1DD5161B00A7F266 /* Build configuration list for PBXNativeTarget "CS172-EXAM2" */ = {
			isa = XCConfigurationList;
			buildConfigurations = (
				C1449BA01DD5161B00A7F266 /* Debug */,
				C1449BA11DD5161B00A7F266 /* Release */,
			);
			defaultConfigurationIsVisible = 0;
		};
/* End XCConfigurationList section */
	};
	rootObject = C1449B901DD5161B00A7F266 /* Project object */;
}
